
Microsoft Visual Studio Solution File, Format Version 12.00
# Visual Studio Version 17
VisualStudioVersion = 17.0.31903.59
MinimumVisualStudioVersion = 10.0.40219.1
Project("{FAE04EC0-301F-11D3-BF4B-00C04F79EFBC}") = "GameReleases.WebApi", "GameReleases.WebApi\GameReleases.WebApi.csproj", "{6AA0E135-E460-4553-AB3C-D956DBFF449A}"
EndProject
Project("{FAE04EC0-301F-11D3-BF4B-00C04F79EFBC}") = "GameReleases.Core", "GameReleases.Core\GameReleases.Core.csproj", "{3DF6CFAE-894A-493C-9796-5C7B855336A8}"
EndProject
Project("{FAE04EC0-301F-11D3-BF4B-00C04F79EFBC}") = "GameReleases.Infrastructure", "GameReleases.Infrastructure\GameReleases.Infrastructure.csproj", "{5102771E-7C30-4BD6-BB5C-1939C4F08545}"
EndProject
Global
	GlobalSection(SolutionConfigurationPlatforms) = preSolution
		Debug|Any CPU = Debug|Any CPU
		Debug|x64 = Debug|x64
		Debug|x86 = Debug|x86
		Release|Any CPU = Release|Any CPU
		Release|x64 = Release|x64
		Release|x86 = Release|x86
	EndGlobalSection
	GlobalSection(ProjectConfigurationPlatforms) = postSolution
		{6AA0E135-E460-4553-AB3C-D956DBFF449A}.Debug|Any CPU.ActiveCfg = Debug|Any CPU
		{6AA0E135-E460-4553-AB3C-D956DBFF449A}.Debug|Any CPU.Build.0 = Debug|Any CPU
		{6AA0E135-E460-4553-AB3C-D956DBFF449A}.Debug|x64.ActiveCfg = Debug|Any CPU
		{6AA0E135-E460-4553-AB3C-D956DBFF449A}.Debug|x64.Build.0 = Debug|Any CPU
		{6AA0E135-E460-4553-AB3C-D956DBFF449A}.Debug|x86.ActiveCfg = Debug|Any CPU
		{6AA0E135-E460-4553-AB3C-D956DBFF449A}.Debug|x86.Build.0 = Debug|Any CPU
		{6AA0E135-E460-4553-AB3C-D956DBFF449A}.Release|Any CPU.ActiveCfg = Release|Any CPU
		{6AA0E135-E460-4553-AB3C-D956DBFF449A}.Release|Any CPU.Build.0 = Release|Any CPU
		{6AA0E135-E460-4553-AB3C-D956DBFF449A}.Release|x64.ActiveCfg = Release|Any CPU
		{6AA0E135-E460-4553-AB3C-D956DBFF449A}.Release|x64.Build.0 = Release|Any CPU
		{6AA0E135-E460-4553-AB3C-D956DBFF449A}.Release|x86.ActiveCfg = Release|Any CPU
		{6AA0E135-E460-4553-AB3C-D956DBFF449A}.Release|x86.Build.0 = Release|Any CPU
		{3DF6CFAE-894A-493C-9796-5C7B855336A8}.Debug|Any CPU.ActiveCfg = Debug|Any CPU
		{3DF6CFAE-894A-493C-9796-5C7B855336A8}.Debug|Any CPU.Build.0 = Debug|Any CPU
		{3DF6CFAE-894A-493C-9796-5C7B855336A8}.Debug|x64.ActiveCfg = Debug|Any CPU
		{3DF6CFAE-894A-493C-9796-5C7B855336A8}.Debug|x64.Build.0 = Debug|Any CPU
		{3DF6CFAE-894A-493C-9796-5C7B855336A8}.Debug|x86.ActiveCfg = Debug|Any CPU
		{3DF6CFAE-894A-493C-9796-5C7B855336A8}.Debug|x86.Build.0 = Debug|Any CPU
		{3DF6CFAE-894A-493C-9796-5C7B855336A8}.Release|Any CPU.ActiveCfg = Release|Any CPU
		{3DF6CFAE-894A-493C-9796-5C7B855336A8}.Release|Any CPU.Build.0 = Release|Any CPU
		{3DF6CFAE-894A-493C-9796-5C7B855336A8}.Release|x64.ActiveCfg = Release|Any CPU
		{3DF6CFAE-894A-493C-9796-5C7B855336A8}.Release|x64.Build.0 = Release|Any CPU
		{3DF6CFAE-894A-493C-9796-5C7B855336A8}.Release|x86.ActiveCfg = Release|Any CPU
		{3DF6CFAE-894A-493C-9796-5C7B855336A8}.Release|x86.Build.0 = Release|Any CPU
		{5102771E-7C30-4BD6-BB5C-1939C4F08545}.Debug|Any CPU.ActiveCfg = Debug|Any CPU
		{5102771E-7C30-4BD6-BB5C-1939C4F08545}.Debug|Any CPU.Build.0 = Debug|Any CPU
		{5102771E-7C30-4BD6-BB5C-1939C4F08545}.Debug|x64.ActiveCfg = Debug|Any CPU
		{5102771E-7C30-4BD6-BB5C-1939C4F08545}.Debug|x64.Build.0 = Debug|Any CPU
		{5102771E-7C30-4BD6-BB5C-1939C4F08545}.Debug|x86.ActiveCfg = Debug|Any CPU
		{5102771E-7C30-4BD6-BB5C-1939C4F08545}.Debug|x86.Build.0 = Debug|Any CPU
		{5102771E-7C30-4BD6-BB5C-1939C4F08545}.Release|Any CPU.ActiveCfg = Release|Any CPU
		{5102771E-7C30-4BD6-BB5C-1939C4F08545}.Release|Any CPU.Build.0 = Release|Any CPU
		{5102771E-7C30-4BD6-BB5C-1939C4F08545}.Release|x64.ActiveCfg = Release|Any CPU
		{5102771E-7C30-4BD6-BB5C-1939C4F08545}.Release|x64.Build.0 = Release|Any CPU
		{5102771E-7C30-4BD6-BB5C-1939C4F08545}.Release|x86.ActiveCfg = Release|Any CPU
		{5102771E-7C30-4BD6-BB5C-1939C4F08545}.Release|x86.Build.0 = Release|Any CPU
	EndGlobalSection
	GlobalSection(SolutionProperties) = preSolution
		HideSolutionNode = FALSE
	EndGlobalSection
EndGlobal
